// !$*UTF8*$!
{
	archiveVersion = 1;
	classes = {
	};
	objectVersion = 46;
	objects = {

/* Begin PBXBuildFile section */
		574813281A6372A700955187 /* MainViewController.m in Sources */ = {isa = PBXBuildFile; fileRef = 574813271A6372A700955187 /* MainViewController.m */; };
		5752685C1A2FF9A600662674 /* main.m in Sources */ = {isa = PBXBuildFile; fileRef = 5752685B1A2FF9A600662674 /* main.m */; };
		5752685F1A2FF9A600662674 /* AppDelegate.m in Sources */ = {isa = PBXBuildFile; fileRef = 5752685E1A2FF9A600662674 /* AppDelegate.m */; };
		575268671A2FF9A600662674 /* Images.xcassets in Resources */ = {isa = PBXBuildFile; fileRef = 575268661A2FF9A600662674 /* Images.xcassets */; };
		575268761A2FF9A600662674 /* LightTabelViewTestTests.m in Sources */ = {isa = PBXBuildFile; fileRef = 575268751A2FF9A600662674 /* LightTabelViewTestTests.m */; };
		575268801A2FF9E600662674 /* photodata.bin in Resources */ = {isa = PBXBuildFile; fileRef = 5752687F1A2FF9E600662674 /* photodata.bin */; };
		575268841A2FFA7C00662674 /* LightTableViewController.m in Sources */ = {isa = PBXBuildFile; fileRef = 575268831A2FFA7C00662674 /* LightTableViewController.m */; };
		575268911A2FFBED00662674 /* LightDataSource.m in Sources */ = {isa = PBXBuildFile; fileRef = 575268901A2FFBED00662674 /* LightDataSource.m */; };
		575268941A2FFC0900662674 /* LightTableViewCell.m in Sources */ = {isa = PBXBuildFile; fileRef = 575268931A2FFC0900662674 /* LightTableViewCell.m */; };
		5752689B1A3004FC00662674 /* Store.m in Sources */ = {isa = PBXBuildFile; fileRef = 575268961A3004FC00662674 /* Store.m */; };
		5752689C1A3004FC00662674 /* Photo.m in Sources */ = {isa = PBXBuildFile; fileRef = 575268981A3004FC00662674 /* Photo.m */; };
		5752689D1A3004FC00662674 /* User.m in Sources */ = {isa = PBXBuildFile; fileRef = 5752689A1A3004FC00662674 /* User.m */; };
/* End PBXBuildFile section */

/* Begin PBXContainerItemProxy section */
		575268701A2FF9A600662674 /* PBXContainerItemProxy */ = {
			isa = PBXContainerItemProxy;
			containerPortal = 5752684E1A2FF9A500662674 /* Project object */;
			proxyType = 1;
			remoteGlobalIDString = 575268551A2FF9A600662674;
			remoteInfo = LightTabelViewTest;
		};
/* End PBXContainerItemProxy section */

/* Begin PBXFileReference section */
		574813261A6372A700955187 /* MainViewController.h */ = {isa = PBXFileReference; fileEncoding = 4; lastKnownFileType = sourcecode.c.h; path = MainViewController.h; sourceTree = "<group>"; };
		574813271A6372A700955187 /* MainViewController.m */ = {isa = PBXFileReference; fileEncoding = 4; lastKnownFileType = sourcecode.c.objc; path = MainViewController.m; sourceTree = "<group>"; };
		575268561A2FF9A600662674 /* LightTabelViewTest.app */ = {isa = PBXFileReference; explicitFileType = wrapper.application; includeInIndex = 0; path = LightTabelViewTest.app; sourceTree = BUILT_PRODUCTS_DIR; };
		5752685A1A2FF9A600662674 /* Info.plist */ = {isa = PBXFileReference; lastKnownFileType = text.plist.xml; path = Info.plist; sourceTree = "<group>"; };
		5752685B1A2FF9A600662674 /* main.m */ = {isa = PBXFileReference; lastKnownFileType = sourcecode.c.objc; path = main.m; sourceTree = "<group>"; };
		5752685D1A2FF9A600662674 /* AppDelegate.h */ = {isa = PBXFileReference; lastKnownFileType = sourcecode.c.h; path = AppDelegate.h; sourceTree = "<group>"; };
		5752685E1A2FF9A600662674 /* AppDelegate.m */ = {isa = PBXFileReference; lastKnownFileType = sourcecode.c.objc; path = AppDelegate.m; sourceTree = "<group>"; };
		575268661A2FF9A600662674 /* Images.xcassets */ = {isa = PBXFileReference; lastKnownFileType = folder.assetcatalog; path = Images.xcassets; sourceTree = "<group>"; };
		5752686F1A2FF9A600662674 /* LightTabelViewTestTests.xctest */ = {isa = PBXFileReference; explicitFileType = wrapper.cfbundle; includeInIndex = 0; path = LightTabelViewTestTests.xctest; sourceTree = BUILT_PRODUCTS_DIR; };
		575268741A2FF9A600662674 /* Info.plist */ = {isa = PBXFileReference; lastKnownFileType = text.plist.xml; path = Info.plist; sourceTree = "<group>"; };
		575268751A2FF9A600662674 /* LightTabelViewTestTests.m */ = {isa = PBXFileReference; lastKnownFileType = sourcecode.c.objc; path = LightTabelViewTestTests.m; sourceTree = "<group>"; };
		5752687F1A2FF9E600662674 /* photodata.bin */ = {isa = PBXFileReference; lastKnownFileType = archive.macbinary; path = photodata.bin; sourceTree = "<group>"; };
		575268811A2FF9EC00662674 /* PrefixHeader.pch */ = {isa = PBXFileReference; lastKnownFileType = sourcecode.c.h; path = PrefixHeader.pch; sourceTree = "<group>"; };
		575268821A2FFA7C00662674 /* LightTableViewController.h */ = {isa = PBXFileReference; fileEncoding = 4; lastKnownFileType = sourcecode.c.h; path = LightTableViewController.h; sourceTree = "<group>"; };
		575268831A2FFA7C00662674 /* LightTableViewController.m */ = {isa = PBXFileReference; fileEncoding = 4; lastKnownFileType = sourcecode.c.objc; path = LightTableViewController.m; sourceTree = "<group>"; };
		5752688F1A2FFBED00662674 /* LightDataSource.h */ = {isa = PBXFileReference; fileEncoding = 4; lastKnownFileType = sourcecode.c.h; path = LightDataSource.h; sourceTree = "<group>"; };
		575268901A2FFBED00662674 /* LightDataSource.m */ = {isa = PBXFileReference; fileEncoding = 4; lastKnownFileType = sourcecode.c.objc; path = LightDataSource.m; sourceTree = "<group>"; };
		575268921A2FFC0900662674 /* LightTableViewCell.h */ = {isa = PBXFileReference; fileEncoding = 4; lastKnownFileType = sourcecode.c.h; path = LightTableViewCell.h; sourceTree = "<group>"; };
		575268931A2FFC0900662674 /* LightTableViewCell.m */ = {isa = PBXFileReference; fileEncoding = 4; lastKnownFileType = sourcecode.c.objc; path = LightTableViewCell.m; sourceTree = "<group>"; };
		575268951A3004FC00662674 /* Store.h */ = {isa = PBXFileReference; fileEncoding = 4; lastKnownFileType = sourcecode.c.h; path = Store.h; sourceTree = "<group>"; };
		575268961A3004FC00662674 /* Store.m */ = {isa = PBXFileReference; fileEncoding = 4; lastKnownFileType = sourcecode.c.objc; path = Store.m; sourceTree = "<group>"; };
		575268971A3004FC00662674 /* Photo.h */ = {isa = PBXFileReference; fileEncoding = 4; lastKnownFileType = sourcecode.c.h; path = Photo.h; sourceTree = "<group>"; };
		575268981A3004FC00662674 /* Photo.m */ = {isa = PBXFileReference; fileEncoding = 4; lastKnownFileType = sourcecode.c.objc; path = Photo.m; sourceTree = "<group>"; };
		575268991A3004FC00662674 /* User.h */ = {isa = PBXFileReference; fileEncoding = 4; lastKnownFileType = sourcecode.c.h; path = User.h; sourceTree = "<group>"; };
		5752689A1A3004FC00662674 /* User.m */ = {isa = PBXFileReference; fileEncoding = 4; lastKnownFileType = sourcecode.c.objc; path = User.m; sourceTree = "<group>"; };
/* End PBXFileReference section */

/* Begin PBXFrameworksBuildPhase section */
		575268531A2FF9A600662674 /* Frameworks */ = {
			isa = PBXFrameworksBuildPhase;
			buildActionMask = 2147483647;
			files = (
			);
			runOnlyForDeploymentPostprocessing = 0;
		};
		5752686C1A2FF9A600662674 /* Frameworks */ = {
			isa = PBXFrameworksBuildPhase;
			buildActionMask = 2147483647;
			files = (
			);
			runOnlyForDeploymentPostprocessing = 0;
		};
/* End PBXFrameworksBuildPhase section */

/* Begin PBXGroup section */
		5752684D1A2FF9A500662674 = {
			isa = PBXGroup;
			children = (
				575268581A2FF9A600662674 /* LightTabelViewTest */,
				575268721A2FF9A600662674 /* LightTabelViewTestTests */,
				575268571A2FF9A600662674 /* Products */,
			);
			sourceTree = "<group>";
		};
		575268571A2FF9A600662674 /* Products */ = {
			isa = PBXGroup;
			children = (
				575268561A2FF9A600662674 /* LightTabelViewTest.app */,
				5752686F1A2FF9A600662674 /* LightTabelViewTestTests.xctest */,
			);
			name = Products;
			sourceTree = "<group>";
		};
		575268581A2FF9A600662674 /* LightTabelViewTest */ = {
			isa = PBXGroup;
			children = (
				5752689E1A302E8000662674 /* VIew */,
				575268851A2FFB7400662674 /* Model */,
				5752685D1A2FF9A600662674 /* AppDelegate.h */,
				5752685E1A2FF9A600662674 /* AppDelegate.m */,
				574813261A6372A700955187 /* MainViewController.h */,
				574813271A6372A700955187 /* MainViewController.m */,
				575268821A2FFA7C00662674 /* LightTableViewController.h */,
				575268831A2FFA7C00662674 /* LightTableViewController.m */,
				575268661A2FF9A600662674 /* Images.xcassets */,
				575268591A2FF9A600662674 /* Supporting Files */,
			);
			path = LightTabelViewTest;
			sourceTree = "<group>";
		};
		575268591A2FF9A600662674 /* Supporting Files */ = {
			isa = PBXGroup;
			children = (
				5752685A1A2FF9A600662674 /* Info.plist */,
				5752685B1A2FF9A600662674 /* main.m */,
				575268811A2FF9EC00662674 /* PrefixHeader.pch */,
			);
			name = "Supporting Files";
			sourceTree = "<group>";
		};
		575268721A2FF9A600662674 /* LightTabelViewTestTests */ = {
			isa = PBXGroup;
			children = (
				575268751A2FF9A600662674 /* LightTabelViewTestTests.m */,
				575268731A2FF9A600662674 /* Supporting Files */,
			);
			path = LightTabelViewTestTests;
			sourceTree = "<group>";
		};
		575268731A2FF9A600662674 /* Supporting Files */ = {
			isa = PBXGroup;
			children = (
				575268741A2FF9A600662674 /* Info.plist */,
			);
			name = "Supporting Files";
			sourceTree = "<group>";
		};
		575268851A2FFB7400662674 /* Model */ = {
			isa = PBXGroup;
			children = (
				5752687F1A2FF9E600662674 /* photodata.bin */,
				575268951A3004FC00662674 /* Store.h */,
				575268961A3004FC00662674 /* Store.m */,
				575268971A3004FC00662674 /* Photo.h */,
				575268981A3004FC00662674 /* Photo.m */,
				575268991A3004FC00662674 /* User.h */,
				5752689A1A3004FC00662674 /* User.m */,
				5752688F1A2FFBED00662674 /* LightDataSource.h */,
				575268901A2FFBED00662674 /* LightDataSource.m */,
			);
			name = Model;
			sourceTree = "<group>";
		};
		5752689E1A302E8000662674 /* VIew */ = {
			isa = PBXGroup;
			children = (
				575268921A2FFC0900662674 /* LightTableViewCell.h */,
				575268931A2FFC0900662674 /* LightTableViewCell.m */,
			);
			name = VIew;
			sourceTree = "<group>";
		};
/* End PBXGroup section */

/* Begin PBXNativeTarget section */
		575268551A2FF9A600662674 /* LightTabelViewTest */ = {
			isa = PBXNativeTarget;
			buildConfigurationList = 575268791A2FF9A600662674 /* Build configuration list for PBXNativeTarget "LightTabelViewTest" */;
			buildPhases = (
				575268521A2FF9A600662674 /* Sources */,
				575268531A2FF9A600662674 /* Frameworks */,
				575268541A2FF9A600662674 /* Resources */,
			);
			buildRules = (
			);
			dependencies = (
			);
			name = LightTabelViewTest;
			productName = LightTabelViewTest;
			productReference = 575268561A2FF9A600662674 /* LightTabelViewTest.app */;
			productType = "com.apple.product-type.application";
		};
		5752686E1A2FF9A600662674 /* LightTabelViewTestTests */ = {
			isa = PBXNativeTarget;
			buildConfigurationList = 5752687C1A2FF9A600662674 /* Build configuration list for PBXNativeTarget "LightTabelViewTestTests" */;
			buildPhases = (
				5752686B1A2FF9A600662674 /* Sources */,
				5752686C1A2FF9A600662674 /* Frameworks */,
				5752686D1A2FF9A600662674 /* Resources */,
			);
			buildRules = (
			);
			dependencies = (
				575268711A2FF9A600662674 /* PBXTargetDependency */,
			);
			name = LightTabelViewTestTests;
			productName = LightTabelViewTestTests;
			productReference = 5752686F1A2FF9A600662674 /* LightTabelViewTestTests.xctest */;
			productType = "com.apple.product-type.bundle.unit-test";
		};
/* End PBXNativeTarget section */

/* Begin PBXProject section */
		5752684E1A2FF9A500662674 /* Project object */ = {
			isa = PBXProject;
			attributes = {
				LastUpgradeCheck = 0610;
				ORGANIZATIONNAME = telcolor;
				TargetAttributes = {
					575268551A2FF9A600662674 = {
						CreatedOnToolsVersion = 6.1;
					};
					5752686E1A2FF9A600662674 = {
						CreatedOnToolsVersion = 6.1;
						TestTargetID = 575268551A2FF9A600662674;
					};
				};
			};
			buildConfigurationList = 575268511A2FF9A500662674 /* Build configuration list for PBXProject "LightTabelViewTest" */;
			compatibilityVersion = "Xcode 3.2";
			developmentRegion = English;
			hasScannedForEncodings = 0;
			knownRegions = (
				en,
				Base,
			);
			mainGroup = 5752684D1A2FF9A500662674;
			productRefGroup = 575268571A2FF9A600662674 /* Products */;
			projectDirPath = "";
			projectRoot = "";
			targets = (
				575268551A2FF9A600662674 /* LightTabelViewTest */,
				5752686E1A2FF9A600662674 /* LightTabelViewTestTests */,
			);
		};
/* End PBXProject section */

/* Begin PBXResourcesBuildPhase section */
		575268541A2FF9A600662674 /* Resources */ = {
			isa = PBXResourcesBuildPhase;
			buildActionMask = 2147483647;
			files = (
				575268801A2FF9E600662674 /* photodata.bin in Resources */,
				575268671A2FF9A600662674 /* Images.xcassets in Resources */,
			);
			runOnlyForDeploymentPostprocessing = 0;
		};
		5752686D1A2FF9A600662674 /* Resources */ = {
			isa = PBXResourcesBuildPhase;
			buildActionMask = 2147483647;
			files = (
			);
			runOnlyForDeploymentPostprocessing = 0;
		};
/* End PBXResourcesBuildPhase section */

/* Begin PBXSourcesBuildPhase section */
		575268521A2FF9A600662674 /* Sources */ = {
			isa = PBXSourcesBuildPhase;
			buildActionMask = 2147483647;
			files = (
				5752689D1A3004FC00662674 /* User.m in Sources */,
				5752689C1A3004FC00662674 /* Photo.m in Sources */,
				575268911A2FFBED00662674 /* LightDataSource.m in Sources */,
				575268941A2FFC0900662674 /* LightTableViewCell.m in Sources */,
				574813281A6372A700955187 /* MainViewController.m in Sources */,
				575268841A2FFA7C00662674 /* LightTableViewController.m in Sources */,
				5752689B1A3004FC00662674 /* Store.m in Sources */,
				5752685F1A2FF9A600662674 /* AppDelegate.m in Sources */,
				5752685C1A2FF9A600662674 /* main.m in Sources */,
			);
			runOnlyForDeploymentPostprocessing = 0;
		};
		5752686B1A2FF9A600662674 /* Sources */ = {
			isa = PBXSourcesBuildPhase;
			buildActionMask = 2147483647;
			files = (
				575268761A2FF9A600662674 /* LightTabelViewTestTests.m in Sources */,
			);
			runOnlyForDeploymentPostprocessing = 0;
		};
/* End PBXSourcesBuildPhase section */

/* Begin PBXTargetDependency section */
		575268711A2FF9A600662674 /* PBXTargetDependency */ = {
			isa = PBXTargetDependency;
			target = 575268551A2FF9A600662674 /* LightTabelViewTest */;
			targetProxy = 575268701A2FF9A600662674 /* PBXContainerItemProxy */;
		};
/* End PBXTargetDependency section */

/* Begin XCBuildConfiguration section */
		575268771A2FF9A600662674 /* Debug */ = {
			isa = XCBuildConfiguration;
			buildSettings = {
				ALWAYS_SEARCH_USER_PATHS = NO;
				CLANG_CXX_LANGUAGE_STANDARD = "gnu++0x";
				CLANG_CXX_LIBRARY = "libc++";
				CLANG_ENABLE_MODULES = YES;
				CLANG_ENABLE_OBJC_ARC = YES;
				CLANG_WARN_BOOL_CONVERSION = YES;
				CLANG_WARN_CONSTANT_CONVERSION = YES;
				CLANG_WARN_DIRECT_OBJC_ISA_USAGE = YES_ERROR;
				CLANG_WARN_EMPTY_BODY = YES;
				CLANG_WARN_ENUM_CONVERSION = YES;
				CLANG_WARN_INT_CONVERSION = YES;
				CLANG_WARN_OBJC_ROOT_CLASS = YES_ERROR;
				CLANG_WARN_UNREACHABLE_CODE = YES;
				CLANG_WARN__DUPLICATE_METHOD_MATCH = YES;
				"CODE_SIGN_IDENTITY[sdk=iphoneos*]" = "iPhone Developer";
				COPY_PHASE_STRIP = NO;
				ENABLE_STRICT_OBJC_MSGSEND = YES;
				GCC_C_LANGUAGE_STANDARD = gnu99;
				GCC_DYNAMIC_NO_PIC = NO;
				GCC_OPTIMIZATION_LEVEL = 0;
				GCC_PREPROCESSOR_DEFINITIONS = (
					"DEBUG=1",
					"$(inherited)",
				);
				GCC_SYMBOLS_PRIVATE_EXTERN = NO;
				GCC_WARN_64_TO_32_BIT_CONVERSION = YES;
				GCC_WARN_ABOUT_RETURN_TYPE = YES_ERROR;
				GCC_WARN_UNDECLARED_SELECTOR = YES;
				GCC_WARN_UNINITIALIZED_AUTOS = YES_AGGRESSIVE;
				GCC_WARN_UNUSED_FUNCTION = YES;
				GCC_WARN_UNUSED_VARIABLE = YES;
				IPHONEOS_DEPLOYMENT_TARGET = 8.1;
				MTL_ENABLE_DEBUG_INFO = YES;
				ONLY_ACTIVE_ARCH = YES;
				SDKROOT = iphoneos;
			};
			name = Debug;
		};
		575268781A2FF9A600662674 /* Release */ = {
			isa = XCBuildConfiguration;
			buildSettings = {
				ALWAYS_SEARCH_USER_PATHS = NO;
				CLANG_CXX_LANGUAGE_STANDARD = "gnu++0x";
				CLANG_CXX_LIBRARY = "libc++";
				CLANG_ENABLE_MODULES = YES;
				CLANG_ENABLE_OBJC_ARC = YES;
				CLANG_WARN_BOOL_CONVERSION = YES;
				CLANG_WARN_CONSTANT_CONVERSION = YES;
				CLANG_WARN_DIRECT_OBJC_ISA_USAGE = YES_ERROR;
				CLANG_WARN_EMPTY_BODY = YES;
				CLANG_WARN_ENUM_CONVERSION = YES;
				CLANG_WARN_INT_CONVERSION = YES;
				CLANG_WARN_OBJC_ROOT_CLASS = YES_ERROR;
				CLANG_WARN_UNREACHABLE_CODE = YES;
				CLANG_WARN__DUPLICATE_METHOD_MATCH = YES;
				"CODE_SIGN_IDENTITY[sdk=iphoneos*]" = "iPhone Developer";
				COPY_PHASE_STRIP = YES;
				ENABLE_NS_ASSERTIONS = NO;
				ENABLE_STRICT_OBJC_MSGSEND = YES;
				GCC_C_LANGUAGE_STANDARD = gnu99;
				GCC_WARN_64_TO_32_BIT_CONVERSION = YES;
				GCC_WARN_ABOUT_RETURN_TYPE = YES_ERROR;
				GCC_WARN_UNDECLARED_SELECTOR = YES;
				GCC_WARN_UNINITIALIZED_AUTOS = YES_AGGRESSIVE;
				GCC_WARN_UNUSED_FUNCTION = YES;
				GCC_WARN_UNUSED_VARIABLE = YES;
				IPHONEOS_DEPLOYMENT_TARGET = 8.1;
				MTL_ENABLE_DEBUG_INFO = NO;
				SDKROOT = iphoneos;
				VALIDATE_PRODUCT = YES;
			};
			name = Release;
		};
		5752687A1A2FF9A600662674 /* Debug */ = {
			isa = XCBuildConfiguration;
			buildSettings = {
				ASSETCATALOG_COMPILER_APPICON_NAME = AppIcon;
				ASSETCATALOG_COMPILER_LAUNCHIMAGE_NAME = LaunchImage;
				GCC_PREFIX_HEADER = LightTabelViewTest/PrefixHeader.pch;
				INFOPLIST_FILE = LightTabelViewTest/Info.plist;
				LD_RUNPATH_SEARCH_PATHS = "$(inherited) @executable_path/Frameworks";
				PRODUCT_NAME = "$(TARGET_NAME)";
			};
			name = Debug;
		};
		5752687B1A2FF9A600662674 /* Release */ = {
			isa = XCBuildConfiguration;
			buildSettings = {
				ASSETCATALOG_COMPILER_APPICON_NAME = AppIcon;
				ASSETCATALOG_COMPILER_LAUNCHIMAGE_NAME = LaunchImage;
				GCC_PREFIX_HEADER = LightTabelViewTest/PrefixHeader.pch;
				INFOPLIST_FILE = LightTabelViewTest/Info.plist;
				LD_RUNPATH_SEARCH_PATHS = "$(inherited) @executable_path/Frameworks";
				PRODUCT_NAME = "$(TARGET_NAME)";
			};
			name = Release;
		};
		5752687D1A2FF9A600662674 /* Debug */ = {
			isa = XCBuildConfiguration;
			buildSettings = {
				BUNDLE_LOADER = "$(TEST_HOST)";
				FRAMEWORK_SEARCH_PATHS = (
					"$(SDKROOT)/Developer/Library/Frameworks",
					"$(inherited)",
				);
				GCC_PREPROCESSOR_DEFINITIONS = (
					"DEBUG=1",
					"$(inherited)",
				);
				INFOPLIST_FILE = LightTabelViewTestTests/Info.plist;
				LD_RUNPATH_SEARCH_PATHS = "$(inherited) @executable_path/Frameworks @loader_path/Frameworks";
				PRODUCT_NAME = "$(TARGET_NAME)";
				TEST_HOST = "$(BUILT_PRODUCTS_DIR)/LightTabelViewTest.app/LightTabelViewTest";
			};
			name = Debug;
		};
		5752687E1A2FF9A600662674 /* Release */ = {
			isa = XCBuildConfiguration;
			buildSettings = {
				BUNDLE_LOADER = "$(TEST_HOST)";
				FRAMEWORK_SEARCH_PATHS = (
					"$(SDKROOT)/Developer/Library/Frameworks",
					"$(inherited)",
				);
				INFOPLIST_FILE = LightTabelViewTestTests/Info.plist;
				LD_RUNPATH_SEARCH_PATHS = "$(inherited) @executable_path/Frameworks @loader_path/Frameworks";
				PRODUCT_NAME = "$(TARGET_NAME)";
				TEST_HOST = "$(BUILT_PRODUCTS_DIR)/LightTabelViewTest.app/LightTabelViewTest";
			};
			name = Release;
		};
/* End XCBuildConfiguration section */

/* Begin XCConfigurationList section */
		575268511A2FF9A500662674 /* Build configuration list for PBXProject "LightTabelViewTest" */ = {
			isa = XCConfigurationList;
			buildConfigurations = (
				575268771A2FF9A600662674 /* Debug */,
				575268781A2FF9A600662674 /* Release */,
			);
			defaultConfigurationIsVisible = 0;
			defaultConfigurationName = Release;
		};
		575268791A2FF9A600662674 /* Build configuration list for PBXNativeTarget "LightTabelViewTest" */ = {
			isa = XCConfigurationList;
			buildConfigurations = (
				5752687A1A2FF9A600662674 /* Debug */,
				5752687B1A2FF9A600662674 /* Release */,
			);
			defaultConfigurationIsVisible = 0;
			defaultConfigurationName = Release;
		};
		5752687C1A2FF9A600662674 /* Build configuration list for PBXNativeTarget "LightTabelViewTestTests" */ = {
			isa = XCConfigurationList;
			buildConfigurations = (
				5752687D1A2FF9A600662674 /* Debug */,
				5752687E1A2FF9A600662674 /* Release */,
			);
			defaultConfigurationIsVisible = 0;
			defaultConfigurationName = Release;
		};
/* End XCConfigurationList section */
	};
	rootObject = 5752684E1A2FF9A500662674 /* Project object */;
}
